// !$*UTF8*$!
{
	archiveVersion = 1;
	classes = {
	};
	objectVersion = 48;
	objects = {

/* Begin PBXBuildFile section */
		402DDAE120410ADE0005B0B4 /* AppDelegate.m in Sources */ = {isa = PBXBuildFile; fileRef = 402DDAE020410ADE0005B0B4 /* AppDelegate.m */; };
		402DDAEA20410ADE0005B0B4 /* GXKit_OC.xcdatamodeld in Sources */ = {isa = PBXBuildFile; fileRef = 402DDAE820410ADE0005B0B4 /* GXKit_OC.xcdatamodeld */; };
		402DDAEC20410ADE0005B0B4 /* Assets.xcassets in Resources */ = {isa = PBXBuildFile; fileRef = 402DDAEB20410ADE0005B0B4 /* Assets.xcassets */; };
		402DDAEF20410ADE0005B0B4 /* LaunchScreen.storyboard in Resources */ = {isa = PBXBuildFile; fileRef = 402DDAED20410ADE0005B0B4 /* LaunchScreen.storyboard */; };
		402DDAF220410ADE0005B0B4 /* main.m in Sources */ = {isa = PBXBuildFile; fileRef = 402DDAF120410ADE0005B0B4 /* main.m */; };
		402DDB0B2041100C0005B0B4 /* HomeMultiThreadingViewController.m in Sources */ = {isa = PBXBuildFile; fileRef = 402DDB0A2041100C0005B0B4 /* HomeMultiThreadingViewController.m */; };
		402DDB0E204110270005B0B4 /* HomeViewController.m in Sources */ = {isa = PBXBuildFile; fileRef = 402DDB0D204110270005B0B4 /* HomeViewController.m */; };
		402DDB12204168050005B0B4 /* GXNavigationController.m in Sources */ = {isa = PBXBuildFile; fileRef = 402DDB11204168050005B0B4 /* GXNavigationController.m */; };
		402DDB15204168960005B0B4 /* GXTabBarController.m in Sources */ = {isa = PBXBuildFile; fileRef = 402DDB14204168960005B0B4 /* GXTabBarController.m */; };
		402DDB1A20416BD50005B0B4 /* MineViewController.m in Sources */ = {isa = PBXBuildFile; fileRef = 402DDB1920416BD50005B0B4 /* MineViewController.m */; };
		402DDB1D204171560005B0B4 /* GXViewController.m in Sources */ = {isa = PBXBuildFile; fileRef = 402DDB1C204171560005B0B4 /* GXViewController.m */; };
/* End PBXBuildFile section */

/* Begin PBXFileReference section */
		402DDADC20410ADE0005B0B4 /* GXKit_OC.app */ = {isa = PBXFileReference; explicitFileType = wrapper.application; includeInIndex = 0; path = GXKit_OC.app; sourceTree = BUILT_PRODUCTS_DIR; };
		402DDADF20410ADE0005B0B4 /* AppDelegate.h */ = {isa = PBXFileReference; lastKnownFileType = sourcecode.c.h; path = AppDelegate.h; sourceTree = "<group>"; };
		402DDAE020410ADE0005B0B4 /* AppDelegate.m */ = {isa = PBXFileReference; lastKnownFileType = sourcecode.c.objc; path = AppDelegate.m; sourceTree = "<group>"; };
		402DDAE920410ADE0005B0B4 /* GXKit_OC.xcdatamodel */ = {isa = PBXFileReference; lastKnownFileType = wrapper.xcdatamodel; path = GXKit_OC.xcdatamodel; sourceTree = "<group>"; };
		402DDAEB20410ADE0005B0B4 /* Assets.xcassets */ = {isa = PBXFileReference; lastKnownFileType = folder.assetcatalog; path = Assets.xcassets; sourceTree = "<group>"; };
		402DDAEE20410ADE0005B0B4 /* Base */ = {isa = PBXFileReference; lastKnownFileType = file.storyboard; name = Base; path = Base.lproj/LaunchScreen.storyboard; sourceTree = "<group>"; };
		402DDAF020410ADE0005B0B4 /* Info.plist */ = {isa = PBXFileReference; lastKnownFileType = text.plist.xml; path = Info.plist; sourceTree = "<group>"; };
		402DDAF120410ADE0005B0B4 /* main.m */ = {isa = PBXFileReference; lastKnownFileType = sourcecode.c.objc; path = main.m; sourceTree = "<group>"; };
		402DDB092041100C0005B0B4 /* HomeMultiThreadingViewController.h */ = {isa = PBXFileReference; lastKnownFileType = sourcecode.c.h; path = HomeMultiThreadingViewController.h; sourceTree = "<group>"; };
		402DDB0A2041100C0005B0B4 /* HomeMultiThreadingViewController.m */ = {isa = PBXFileReference; lastKnownFileType = sourcecode.c.objc; path = HomeMultiThreadingViewController.m; sourceTree = "<group>"; };
		402DDB0C204110270005B0B4 /* HomeViewController.h */ = {isa = PBXFileReference; lastKnownFileType = sourcecode.c.h; path = HomeViewController.h; sourceTree = "<group>"; };
		402DDB0D204110270005B0B4 /* HomeViewController.m */ = {isa = PBXFileReference; lastKnownFileType = sourcecode.c.objc; path = HomeViewController.m; sourceTree = "<group>"; };
		402DDB10204168050005B0B4 /* GXNavigationController.h */ = {isa = PBXFileReference; lastKnownFileType = sourcecode.c.h; path = GXNavigationController.h; sourceTree = "<group>"; };
		402DDB11204168050005B0B4 /* GXNavigationController.m */ = {isa = PBXFileReference; lastKnownFileType = sourcecode.c.objc; path = GXNavigationController.m; sourceTree = "<group>"; };
		402DDB13204168960005B0B4 /* GXTabBarController.h */ = {isa = PBXFileReference; lastKnownFileType = sourcecode.c.h; path = GXTabBarController.h; sourceTree = "<group>"; };
		402DDB14204168960005B0B4 /* GXTabBarController.m */ = {isa = PBXFileReference; lastKnownFileType = sourcecode.c.objc; path = GXTabBarController.m; sourceTree = "<group>"; };
		402DDB1820416BD50005B0B4 /* MineViewController.h */ = {isa = PBXFileReference; lastKnownFileType = sourcecode.c.h; path = MineViewController.h; sourceTree = "<group>"; };
		402DDB1920416BD50005B0B4 /* MineViewController.m */ = {isa = PBXFileReference; lastKnownFileType = sourcecode.c.objc; path = MineViewController.m; sourceTree = "<group>"; };
		402DDB1B204171560005B0B4 /* GXViewController.h */ = {isa = PBXFileReference; lastKnownFileType = sourcecode.c.h; path = GXViewController.h; sourceTree = "<group>"; };
		402DDB1C204171560005B0B4 /* GXViewController.m */ = {isa = PBXFileReference; lastKnownFileType = sourcecode.c.objc; path = GXViewController.m; sourceTree = "<group>"; };
/* End PBXFileReference section */

/* Begin PBXFrameworksBuildPhase section */
		402DDAD920410ADE0005B0B4 /* Frameworks */ = {
			isa = PBXFrameworksBuildPhase;
			buildActionMask = 2147483647;
			files = (
			);
			runOnlyForDeploymentPostprocessing = 0;
		};
/* End PBXFrameworksBuildPhase section */

/* Begin PBXGroup section */
		402DDAD320410ADE0005B0B4 = {
			isa = PBXGroup;
			children = (
				402DDADE20410ADE0005B0B4 /* GXKit_OC */,
				402DDADD20410ADE0005B0B4 /* Products */,
			);
			sourceTree = "<group>";
		};
		402DDADD20410ADE0005B0B4 /* Products */ = {
			isa = PBXGroup;
			children = (
				402DDADC20410ADE0005B0B4 /* GXKit_OC.app */,
			);
			name = Products;
			sourceTree = "<group>";
		};
		402DDADE20410ADE0005B0B4 /* GXKit_OC */ = {
			isa = PBXGroup;
			children = (
				402DDAFB20410DC00005B0B4 /* SupportingFile */,
				402DDAF920410DB30005B0B4 /* Class */,
				402DDAF820410DB30005B0B4 /* Extension */,
				402DDAFA20410DB30005B0B4 /* ToolClass */,
			);
			path = GXKit_OC;
			sourceTree = "<group>";
		};
		402DDAF820410DB30005B0B4 /* Extension */ = {
			isa = PBXGroup;
			children = (
			);
			path = Extension;
			sourceTree = "<group>";
		};
		402DDAF920410DB30005B0B4 /* Class */ = {
			isa = PBXGroup;
			children = (
				402DDB0620410E650005B0B4 /* Mine */,
				402DDB0120410E400005B0B4 /* Home */,
				402DDAFC20410DF50005B0B4 /* Frame */,
			);
			path = Class;
			sourceTree = "<group>";
		};
		402DDAFA20410DB30005B0B4 /* ToolClass */ = {
			isa = PBXGroup;
			children = (
			);
			path = ToolClass;
			sourceTree = "<group>";
		};
		402DDAFB20410DC00005B0B4 /* SupportingFile */ = {
			isa = PBXGroup;
			children = (
				402DDADF20410ADE0005B0B4 /* AppDelegate.h */,
				402DDAE020410ADE0005B0B4 /* AppDelegate.m */,
				402DDAEB20410ADE0005B0B4 /* Assets.xcassets */,
				402DDAED20410ADE0005B0B4 /* LaunchScreen.storyboard */,
				402DDAF020410ADE0005B0B4 /* Info.plist */,
				402DDAF120410ADE0005B0B4 /* main.m */,
				402DDAE820410ADE0005B0B4 /* GXKit_OC.xcdatamodeld */,
			);
			name = SupportingFile;
			sourceTree = "<group>";
		};
		402DDAFC20410DF50005B0B4 /* Frame */ = {
			isa = PBXGroup;
			children = (
				402DDB0020410E1F0005B0B4 /* Controller */,
				402DDAFF20410E180005B0B4 /* View */,
				402DDAFD20410E070005B0B4 /* Model */,
			);
			path = Frame;
			sourceTree = "<group>";
		};
		402DDAFD20410E070005B0B4 /* Model */ = {
			isa = PBXGroup;
			children = (
			);
			path = Model;
			sourceTree = "<group>";
		};
		402DDAFF20410E180005B0B4 /* View */ = {
			isa = PBXGroup;
			children = (
			);
			path = View;
			sourceTree = "<group>";
		};
		402DDB0020410E1F0005B0B4 /* Controller */ = {
			isa = PBXGroup;
			children = (
				402DDB10204168050005B0B4 /* GXNavigationController.h */,
				402DDB11204168050005B0B4 /* GXNavigationController.m */,
				402DDB13204168960005B0B4 /* GXTabBarController.h */,
				402DDB14204168960005B0B4 /* GXTabBarController.m */,
				402DDB1B204171560005B0B4 /* GXViewController.h */,
				402DDB1C204171560005B0B4 /* GXViewController.m */,
			);
			path = Controller;
			sourceTree = "<group>";
		};
		402DDB0120410E400005B0B4 /* Home */ = {
			isa = PBXGroup;
			children = (
				402DDB0820410FD50005B0B4 /* multiThreading */,
				402DDB0720410E6F0005B0B4 /* collectionView */,
				402DDB0220410E470005B0B4 /* home */,
			);
			path = Home;
			sourceTree = "<group>";
		};
		402DDB0220410E470005B0B4 /* home */ = {
			isa = PBXGroup;
			children = (
				402DDB0320410E530005B0B4 /* Controller */,
				402DDB0520410E530005B0B4 /* View */,
				402DDB0420410E530005B0B4 /* Model */,
			);
			path = home;
			sourceTree = "<group>";
		};
		402DDB0320410E530005B0B4 /* Controller */ = {
			isa = PBXGroup;
			children = (
				402DDB0C204110270005B0B4 /* HomeViewController.h */,
				402DDB0D204110270005B0B4 /* HomeViewController.m */,
			);
			path = Controller;
			sourceTree = "<group>";
		};
		402DDB0420410E530005B0B4 /* Model */ = {
			isa = PBXGroup;
			children = (
			);
			path = Model;
			sourceTree = "<group>";
		};
		402DDB0520410E530005B0B4 /* View */ = {
			isa = PBXGroup;
			children = (
			);
			path = View;
			sourceTree = "<group>";
		};
		402DDB0620410E650005B0B4 /* Mine */ = {
			isa = PBXGroup;
			children = (
				402DDB1620416BAF0005B0B4 /* mine */,
			);
			path = Mine;
			sourceTree = "<group>";
		};
		402DDB0720410E6F0005B0B4 /* collectionView */ = {
			isa = PBXGroup;
			children = (
			);
			path = collectionView;
			sourceTree = "<group>";
		};
		402DDB0820410FD50005B0B4 /* multiThreading */ = {
			isa = PBXGroup;
			children = (
				402DDB092041100C0005B0B4 /* HomeMultiThreadingViewController.h */,
				402DDB0A2041100C0005B0B4 /* HomeMultiThreadingViewController.m */,
			);
			path = multiThreading;
			sourceTree = "<group>";
		};
		402DDB1620416BAF0005B0B4 /* mine */ = {
			isa = PBXGroup;
			children = (
				402DDB1720416BBA0005B0B4 /* Controller */,
			);
			path = mine;
			sourceTree = "<group>";
		};
		402DDB1720416BBA0005B0B4 /* Controller */ = {
			isa = PBXGroup;
			children = (
				402DDB1820416BD50005B0B4 /* MineViewController.h */,
				402DDB1920416BD50005B0B4 /* MineViewController.m */,
			);
			path = Controller;
			sourceTree = "<group>";
		};
/* End PBXGroup section */

/* Begin PBXNativeTarget section */
		402DDADB20410ADE0005B0B4 /* GXKit_OC */ = {
			isa = PBXNativeTarget;
			buildConfigurationList = 402DDAF520410ADE0005B0B4 /* Build configuration list for PBXNativeTarget "GXKit_OC" */;
			buildPhases = (
				402DDAD820410ADE0005B0B4 /* Sources */,
				402DDAD920410ADE0005B0B4 /* Frameworks */,
				402DDADA20410ADE0005B0B4 /* Resources */,
			);
			buildRules = (
			);
			dependencies = (
			);
			name = GXKit_OC;
			productName = GXKit_OC;
			productReference = 402DDADC20410ADE0005B0B4 /* GXKit_OC.app */;
			productType = "com.apple.product-type.application";
		};
/* End PBXNativeTarget section */

/* Begin PBXProject section */
		402DDAD420410ADE0005B0B4 /* Project object */ = {
			isa = PBXProject;
			attributes = {
				LastUpgradeCheck = 0920;
				ORGANIZATIONNAME = guangxiao;
				TargetAttributes = {
					402DDADB20410ADE0005B0B4 = {
						CreatedOnToolsVersion = 9.2;
						ProvisioningStyle = Automatic;
					};
				};
			};
			buildConfigurationList = 402DDAD720410ADE0005B0B4 /* Build configuration list for PBXProject "GXKit_OC" */;
			compatibilityVersion = "Xcode 8.0";
			developmentRegion = en;
			hasScannedForEncodings = 0;
			knownRegions = (
				en,
				Base,
			);
			mainGroup = 402DDAD320410ADE0005B0B4;
			productRefGroup = 402DDADD20410ADE0005B0B4 /* Products */;
			projectDirPath = "";
			projectRoot = "";
			targets = (
				402DDADB20410ADE0005B0B4 /* GXKit_OC */,
			);
		};
/* End PBXProject section */

/* Begin PBXResourcesBuildPhase section */
		402DDADA20410ADE0005B0B4 /* Resources */ = {
			isa = PBXResourcesBuildPhase;
			buildActionMask = 2147483647;
			files = (
				402DDAEF20410ADE0005B0B4 /* LaunchScreen.storyboard in Resources */,
				402DDAEC20410ADE0005B0B4 /* Assets.xcassets in Resources */,
			);
			runOnlyForDeploymentPostprocessing = 0;
		};
/* End PBXResourcesBuildPhase section */

/* Begin PBXSourcesBuildPhase section */
		402DDAD820410ADE0005B0B4 /* Sources */ = {
			isa = PBXSourcesBuildPhase;
			buildActionMask = 2147483647;
			files = (
				402DDB12204168050005B0B4 /* GXNavigationController.m in Sources */,
				402DDAE120410ADE0005B0B4 /* AppDelegate.m in Sources */,
				402DDB15204168960005B0B4 /* GXTabBarController.m in Sources */,
				402DDAF220410ADE0005B0B4 /* main.m in Sources */,
				402DDAEA20410ADE0005B0B4 /* GXKit_OC.xcdatamodeld in Sources */,
				402DDB0B2041100C0005B0B4 /* HomeMultiThreadingViewController.m in Sources */,
				402DDB0E204110270005B0B4 /* HomeViewController.m in Sources */,
				402DDB1D204171560005B0B4 /* GXViewController.m in Sources */,
				402DDB1A20416BD50005B0B4 /* MineViewController.m in Sources */,
			);
			runOnlyForDeploymentPostprocessing = 0;
		};
/* End PBXSourcesBuildPhase section */

/* Begin PBXVariantGroup section */
		402DDAED20410ADE0005B0B4 /* LaunchScreen.storyboard */ = {
			isa = PBXVariantGroup;
			children = (
				402DDAEE20410ADE0005B0B4 /* Base */,
			);
			name = LaunchScreen.storyboard;
			sourceTree = "<group>";
		};
/* End PBXVariantGroup section */

/* Begin XCBuildConfiguration section */
		402DDAF320410ADE0005B0B4 /* Debug */ = {
			isa = XCBuildConfiguration;
			buildSettings = {
				ALWAYS_SEARCH_USER_PATHS = NO;
				CLANG_ANALYZER_NONNULL = YES;
				CLANG_ANALYZER_NUMBER_OBJECT_CONVERSION = YES_AGGRESSIVE;
				CLANG_CXX_LANGUAGE_STANDARD = "gnu++14";
				CLANG_CXX_LIBRARY = "libc++";
				CLANG_ENABLE_MODULES = YES;
				CLANG_ENABLE_OBJC_ARC = YES;
				CLANG_WARN_BLOCK_CAPTURE_AUTORELEASING = YES;
				CLANG_WARN_BOOL_CONVERSION = YES;
				CLANG_WARN_COMMA = YES;
				CLANG_WARN_CONSTANT_CONVERSION = YES;
				CLANG_WARN_DIRECT_OBJC_ISA_USAGE = YES_ERROR;
				CLANG_WARN_DOCUMENTATION_COMMENTS = YES;
				CLANG_WARN_EMPTY_BODY = YES;
				CLANG_WARN_ENUM_CONVERSION = YES;
				CLANG_WARN_INFINITE_RECURSION = YES;
				CLANG_WARN_INT_CONVERSION = YES;
				CLANG_WARN_NON_LITERAL_NULL_CONVERSION = YES;
				CLANG_WARN_OBJC_LITERAL_CONVERSION = YES;
				CLANG_WARN_OBJC_ROOT_CLASS = YES_ERROR;
				CLANG_WARN_RANGE_LOOP_ANALYSIS = YES;
				CLANG_WARN_STRICT_PROTOTYPES = YES;
				CLANG_WARN_SUSPICIOUS_MOVE = YES;
				CLANG_WARN_UNGUARDED_AVAILABILITY = YES_AGGRESSIVE;
				CLANG_WARN_UNREACHABLE_CODE = YES;
				CLANG_WARN__DUPLICATE_METHOD_MATCH = YES;
				CODE_SIGN_IDENTITY = "iPhone Developer";
				COPY_PHASE_STRIP = NO;
				DEBUG_INFORMATION_FORMAT = dwarf;
				ENABLE_STRICT_OBJC_MSGSEND = YES;
				ENABLE_TESTABILITY = YES;
				GCC_C_LANGUAGE_STANDARD = gnu11;
				GCC_DYNAMIC_NO_PIC = NO;
				GCC_NO_COMMON_BLOCKS = YES;
				GCC_OPTIMIZATION_LEVEL = 0;
				GCC_PREPROCESSOR_DEFINITIONS = (
					"DEBUG=1",
					"$(inherited)",
				);
				GCC_WARN_64_TO_32_BIT_CONVERSION = YES;
				GCC_WARN_ABOUT_RETURN_TYPE = YES_ERROR;
				GCC_WARN_UNDECLARED_SELECTOR = YES;
				GCC_WARN_UNINITIALIZED_AUTOS = YES_AGGRESSIVE;
				GCC_WARN_UNUSED_FUNCTION = YES;
				GCC_WARN_UNUSED_VARIABLE = YES;
				IPHONEOS_DEPLOYMENT_TARGET = 11.2;
				MTL_ENABLE_DEBUG_INFO = YES;
				ONLY_ACTIVE_ARCH = YES;
				SDKROOT = iphoneos;
			};
			name = Debug;
		};
		402DDAF420410ADE0005B0B4 /* Release */ = {
			isa = XCBuildConfiguration;
			buildSettings = {
				ALWAYS_SEARCH_USER_PATHS = NO;
				CLANG_ANALYZER_NONNULL = YES;
				CLANG_ANALYZER_NUMBER_OBJECT_CONVERSION = YES_AGGRESSIVE;
				CLANG_CXX_LANGUAGE_STANDARD = "gnu++14";
				CLANG_CXX_LIBRARY = "libc++";
				CLANG_ENABLE_MODULES = YES;
				CLANG_ENABLE_OBJC_ARC = YES;
				CLANG_WARN_BLOCK_CAPTURE_AUTORELEASING = YES;
				CLANG_WARN_BOOL_CONVERSION = YES;
				CLANG_WARN_COMMA = YES;
				CLANG_WARN_CONSTANT_CONVERSION = YES;
				CLANG_WARN_DIRECT_OBJC_ISA_USAGE = YES_ERROR;
				CLANG_WARN_DOCUMENTATION_COMMENTS = YES;
				CLANG_WARN_EMPTY_BODY = YES;
				CLANG_WARN_ENUM_CONVERSION = YES;
				CLANG_WARN_INFINITE_RECURSION = YES;
				CLANG_WARN_INT_CONVERSION = YES;
				CLANG_WARN_NON_LITERAL_NULL_CONVERSION = YES;
				CLANG_WARN_OBJC_LITERAL_CONVERSION = YES;
				CLANG_WARN_OBJC_ROOT_CLASS = YES_ERROR;
				CLANG_WARN_RANGE_LOOP_ANALYSIS = YES;
				CLANG_WARN_STRICT_PROTOTYPES = YES;
				CLANG_WARN_SUSPICIOUS_MOVE = YES;
				CLANG_WARN_UNGUARDED_AVAILABILITY = YES_AGGRESSIVE;
				CLANG_WARN_UNREACHABLE_CODE = YES;
				CLANG_WARN__DUPLICATE_METHOD_MATCH = YES;
				CODE_SIGN_IDENTITY = "iPhone Developer";
				COPY_PHASE_STRIP = NO;
				DEBUG_INFORMATION_FORMAT = "dwarf-with-dsym";
				ENABLE_NS_ASSERTIONS = NO;
				ENABLE_STRICT_OBJC_MSGSEND = YES;
				GCC_C_LANGUAGE_STANDARD = gnu11;
				GCC_NO_COMMON_BLOCKS = YES;
				GCC_WARN_64_TO_32_BIT_CONVERSION = YES;
				GCC_WARN_ABOUT_RETURN_TYPE = YES_ERROR;
				GCC_WARN_UNDECLARED_SELECTOR = YES;
				GCC_WARN_UNINITIALIZED_AUTOS = YES_AGGRESSIVE;
				GCC_WARN_UNUSED_FUNCTION = YES;
				GCC_WARN_UNUSED_VARIABLE = YES;
				IPHONEOS_DEPLOYMENT_TARGET = 11.2;
				MTL_ENABLE_DEBUG_INFO = NO;
				SDKROOT = iphoneos;
				VALIDATE_PRODUCT = YES;
			};
			name = Release;
		};
		402DDAF620410ADE0005B0B4 /* Debug */ = {
			isa = XCBuildConfiguration;
			buildSettings = {
				ASSETCATALOG_COMPILER_APPICON_NAME = AppIcon;
				CODE_SIGN_STYLE = Automatic;
				DEVELOPMENT_TEAM = KF8YR3H2H3;
				INFOPLIST_FILE = GXKit_OC/Info.plist;
				LD_RUNPATH_SEARCH_PATHS = "$(inherited) @executable_path/Frameworks";
				PRODUCT_BUNDLE_IDENTIFIER = "guangxiao.GXKit-OC";
				PRODUCT_NAME = "$(TARGET_NAME)";
				TARGETED_DEVICE_FAMILY = "1,2";
			};
			name = Debug;
		};
		402DDAF720410ADE0005B0B4 /* Release */ = {
			isa = XCBuildConfiguration;
			buildSettings = {
				ASSETCATALOG_COMPILER_APPICON_NAME = AppIcon;
				CODE_SIGN_STYLE = Automatic;
				DEVELOPMENT_TEAM = KF8YR3H2H3;
				INFOPLIST_FILE = GXKit_OC/Info.plist;
				LD_RUNPATH_SEARCH_PATHS = "$(inherited) @executable_path/Frameworks";
				PRODUCT_BUNDLE_IDENTIFIER = "guangxiao.GXKit-OC";
				PRODUCT_NAME = "$(TARGET_NAME)";
				TARGETED_DEVICE_FAMILY = "1,2";
			};
			name = Release;
		};
/* End XCBuildConfiguration section */

/* Begin XCConfigurationList section */
		402DDAD720410ADE0005B0B4 /* Build configuration list for PBXProject "GXKit_OC" */ = {
			isa = XCConfigurationList;
			buildConfigurations = (
				402DDAF320410ADE0005B0B4 /* Debug */,
				402DDAF420410ADE0005B0B4 /* Release */,
			);
			defaultConfigurationIsVisible = 0;
			defaultConfigurationName = Release;
		};
		402DDAF520410ADE0005B0B4 /* Build configuration list for PBXNativeTarget "GXKit_OC" */ = {
			isa = XCConfigurationList;
			buildConfigurations = (
				402DDAF620410ADE0005B0B4 /* Debug */,
				402DDAF720410ADE0005B0B4 /* Release */,
			);
			defaultConfigurationIsVisible = 0;
			defaultConfigurationName = Release;
		};
/* End XCConfigurationList section */

/* Begin XCVersionGroup section */
		402DDAE820410ADE0005B0B4 /* GXKit_OC.xcdatamodeld */ = {
			isa = XCVersionGroup;
			children = (
				402DDAE920410ADE0005B0B4 /* GXKit_OC.xcdatamodel */,
			);
			currentVersion = 402DDAE920410ADE0005B0B4 /* GXKit_OC.xcdatamodel */;
			path = GXKit_OC.xcdatamodeld;
			sourceTree = "<group>";
			versionGroupType = wrapper.xcdatamodel;
		};
/* End XCVersionGroup section */
	};
	rootObject = 402DDAD420410ADE0005B0B4 /* Project object */;
}
